// !$*UTF8*$!
{
	archiveVersion = 1;
	classes = {
	};
	objectVersion = 56;
	objects = {

/* Begin PBXBuildFile section */
		3179AAB251DF56998E2DEF8F /* Pods_rxswift_practice.framework in Frameworks */ = {isa = PBXBuildFile; fileRef = 72C33ECCAC429E3D7D650492 /* Pods_rxswift_practice.framework */; };
		42CD027329D1AA0100618E53 /* AppDelegate.swift in Sources */ = {isa = PBXBuildFile; fileRef = 42CD027229D1AA0100618E53 /* AppDelegate.swift */; };
		42CD027529D1AA0100618E53 /* SceneDelegate.swift in Sources */ = {isa = PBXBuildFile; fileRef = 42CD027429D1AA0100618E53 /* SceneDelegate.swift */; };
		42CD027729D1AA0100618E53 /* Step1ViewController.swift in Sources */ = {isa = PBXBuildFile; fileRef = 42CD027629D1AA0100618E53 /* Step1ViewController.swift */; };
		42CD027C29D1AA0200618E53 /* Assets.xcassets in Resources */ = {isa = PBXBuildFile; fileRef = 42CD027B29D1AA0200618E53 /* Assets.xcassets */; };
		42CD027F29D1AA0200618E53 /* LaunchScreen.storyboard in Resources */ = {isa = PBXBuildFile; fileRef = 42CD027D29D1AA0200618E53 /* LaunchScreen.storyboard */; };
		42CD028729D2A3D000618E53 /* Step2ViewController.swift in Sources */ = {isa = PBXBuildFile; fileRef = 42CD028629D2A3D000618E53 /* Step2ViewController.swift */; };
		42CD028929D2A98700618E53 /* MemberListCellTableViewCell.swift in Sources */ = {isa = PBXBuildFile; fileRef = 42CD028829D2A98700618E53 /* MemberListCellTableViewCell.swift */; };
/* End PBXBuildFile section */

/* Begin PBXFileReference section */
		0ECB86FC7B716731D5836806 /* Pods-rxswift-practice.debug.xcconfig */ = {isa = PBXFileReference; includeInIndex = 1; lastKnownFileType = text.xcconfig; name = "Pods-rxswift-practice.debug.xcconfig"; path = "Target Support Files/Pods-rxswift-practice/Pods-rxswift-practice.debug.xcconfig"; sourceTree = "<group>"; };
		42CD026F29D1AA0100618E53 /* rxswift-practice.app */ = {isa = PBXFileReference; explicitFileType = wrapper.application; includeInIndex = 0; path = "rxswift-practice.app"; sourceTree = BUILT_PRODUCTS_DIR; };
		42CD027229D1AA0100618E53 /* AppDelegate.swift */ = {isa = PBXFileReference; lastKnownFileType = sourcecode.swift; path = AppDelegate.swift; sourceTree = "<group>"; };
		42CD027429D1AA0100618E53 /* SceneDelegate.swift */ = {isa = PBXFileReference; lastKnownFileType = sourcecode.swift; path = SceneDelegate.swift; sourceTree = "<group>"; };
		42CD027629D1AA0100618E53 /* Step1ViewController.swift */ = {isa = PBXFileReference; lastKnownFileType = sourcecode.swift; path = Step1ViewController.swift; sourceTree = "<group>"; };
		42CD027B29D1AA0200618E53 /* Assets.xcassets */ = {isa = PBXFileReference; lastKnownFileType = folder.assetcatalog; path = Assets.xcassets; sourceTree = "<group>"; };
		42CD027E29D1AA0200618E53 /* Base */ = {isa = PBXFileReference; lastKnownFileType = file.storyboard; name = Base; path = Base.lproj/LaunchScreen.storyboard; sourceTree = "<group>"; };
		42CD028029D1AA0200618E53 /* Info.plist */ = {isa = PBXFileReference; lastKnownFileType = text.plist.xml; path = Info.plist; sourceTree = "<group>"; };
		42CD028629D2A3D000618E53 /* Step2ViewController.swift */ = {isa = PBXFileReference; lastKnownFileType = sourcecode.swift; path = Step2ViewController.swift; sourceTree = "<group>"; };
		42CD028829D2A98700618E53 /* MemberListCellTableViewCell.swift */ = {isa = PBXFileReference; lastKnownFileType = sourcecode.swift; path = MemberListCellTableViewCell.swift; sourceTree = "<group>"; };
		5E17F2E9A3684260BBABADD5 /* Pods-rxswift-practice.release.xcconfig */ = {isa = PBXFileReference; includeInIndex = 1; lastKnownFileType = text.xcconfig; name = "Pods-rxswift-practice.release.xcconfig"; path = "Target Support Files/Pods-rxswift-practice/Pods-rxswift-practice.release.xcconfig"; sourceTree = "<group>"; };
		72C33ECCAC429E3D7D650492 /* Pods_rxswift_practice.framework */ = {isa = PBXFileReference; explicitFileType = wrapper.framework; includeInIndex = 0; path = Pods_rxswift_practice.framework; sourceTree = BUILT_PRODUCTS_DIR; };
/* End PBXFileReference section */

/* Begin PBXFrameworksBuildPhase section */
		42CD026C29D1AA0100618E53 /* Frameworks */ = {
			isa = PBXFrameworksBuildPhase;
			buildActionMask = 2147483647;
			files = (
				3179AAB251DF56998E2DEF8F /* Pods_rxswift_practice.framework in Frameworks */,
			);
			runOnlyForDeploymentPostprocessing = 0;
		};
/* End PBXFrameworksBuildPhase section */

/* Begin PBXGroup section */
		2B0135C9ADABC25A4326687B /* Frameworks */ = {
			isa = PBXGroup;
			children = (
				72C33ECCAC429E3D7D650492 /* Pods_rxswift_practice.framework */,
			);
			name = Frameworks;
			sourceTree = "<group>";
		};
		42CD026629D1AA0000618E53 = {
			isa = PBXGroup;
			children = (
				42CD027129D1AA0100618E53 /* rxswift-practice */,
				42CD027029D1AA0100618E53 /* Products */,
				6033A79BEB2BFABD1301C374 /* Pods */,
				2B0135C9ADABC25A4326687B /* Frameworks */,
			);
			sourceTree = "<group>";
		};
		42CD027029D1AA0100618E53 /* Products */ = {
			isa = PBXGroup;
			children = (
				42CD026F29D1AA0100618E53 /* rxswift-practice.app */,
			);
			name = Products;
			sourceTree = "<group>";
		};
		42CD027129D1AA0100618E53 /* rxswift-practice */ = {
			isa = PBXGroup;
			children = (
				42CD027229D1AA0100618E53 /* AppDelegate.swift */,
				42CD027429D1AA0100618E53 /* SceneDelegate.swift */,
				42CD028B29D2DC1D00618E53 /* Step1 */,
				42CD027B29D1AA0200618E53 /* Assets.xcassets */,
				42CD028A29D2DC0900618E53 /* Step2 */,
				42CD027D29D1AA0200618E53 /* LaunchScreen.storyboard */,
				42CD028029D1AA0200618E53 /* Info.plist */,
			);
			path = "rxswift-practice";
			sourceTree = "<group>";
		};
		42CD028A29D2DC0900618E53 /* Step2 */ = {
			isa = PBXGroup;
			children = (
				42CD028629D2A3D000618E53 /* Step2ViewController.swift */,
				42CD028829D2A98700618E53 /* MemberListCellTableViewCell.swift */,
			);
			path = Step2;
			sourceTree = "<group>";
		};
		42CD028B29D2DC1D00618E53 /* Step1 */ = {
			isa = PBXGroup;
			children = (
				42CD027629D1AA0100618E53 /* Step1ViewController.swift */,
			);
			path = Step1;
			sourceTree = "<group>";
		};
		6033A79BEB2BFABD1301C374 /* Pods */ = {
			isa = PBXGroup;
			children = (
				0ECB86FC7B716731D5836806 /* Pods-rxswift-practice.debug.xcconfig */,
				5E17F2E9A3684260BBABADD5 /* Pods-rxswift-practice.release.xcconfig */,
			);
			path = Pods;
			sourceTree = "<group>";
		};
/* End PBXGroup section */

/* Begin PBXNativeTarget section */
		42CD026E29D1AA0100618E53 /* rxswift-practice */ = {
			isa = PBXNativeTarget;
			buildConfigurationList = 42CD028329D1AA0200618E53 /* Build configuration list for PBXNativeTarget "rxswift-practice" */;
			buildPhases = (
				0B006C9B7D2334B513DBC642 /* [CP] Check Pods Manifest.lock */,
				42CD026B29D1AA0100618E53 /* Sources */,
				42CD026C29D1AA0100618E53 /* Frameworks */,
				42CD026D29D1AA0100618E53 /* Resources */,
				0ECE4466155B1851949452DA /* [CP] Embed Pods Frameworks */,
			);
			buildRules = (
			);
			dependencies = (
			);
			name = "rxswift-practice";
			productName = "rxswift-practice";
			productReference = 42CD026F29D1AA0100618E53 /* rxswift-practice.app */;
			productType = "com.apple.product-type.application";
		};
/* End PBXNativeTarget section */

/* Begin PBXProject section */
		42CD026729D1AA0000618E53 /* Project object */ = {
			isa = PBXProject;
			attributes = {
				BuildIndependentTargetsInParallel = 1;
				LastSwiftUpdateCheck = 1400;
				LastUpgradeCheck = 1400;
				TargetAttributes = {
					42CD026E29D1AA0100618E53 = {
						CreatedOnToolsVersion = 14.0;
					};
				};
			};
			buildConfigurationList = 42CD026A29D1AA0000618E53 /* Build configuration list for PBXProject "rxswift-practice" */;
			compatibilityVersion = "Xcode 14.0";
			developmentRegion = en;
			hasScannedForEncodings = 0;
			knownRegions = (
				en,
				Base,
			);
			mainGroup = 42CD026629D1AA0000618E53;
			productRefGroup = 42CD027029D1AA0100618E53 /* Products */;
			projectDirPath = "";
			projectRoot = "";
			targets = (
				42CD026E29D1AA0100618E53 /* rxswift-practice */,
			);
		};
/* End PBXProject section */

/* Begin PBXResourcesBuildPhase section */
		42CD026D29D1AA0100618E53 /* Resources */ = {
			isa = PBXResourcesBuildPhase;
			buildActionMask = 2147483647;
			files = (
				42CD027F29D1AA0200618E53 /* LaunchScreen.storyboard in Resources */,
				42CD027C29D1AA0200618E53 /* Assets.xcassets in Resources */,
			);
			runOnlyForDeploymentPostprocessing = 0;
		};
/* End PBXResourcesBuildPhase section */

/* Begin PBXShellScriptBuildPhase section */
		0B006C9B7D2334B513DBC642 /* [CP] Check Pods Manifest.lock */ = {
			isa = PBXShellScriptBuildPhase;
			buildActionMask = 2147483647;
			files = (
			);
			inputFileListPaths = (
			);
			inputPaths = (
				"${PODS_PODFILE_DIR_PATH}/Podfile.lock",
				"${PODS_ROOT}/Manifest.lock",
			);
			name = "[CP] Check Pods Manifest.lock";
			outputFileListPaths = (
			);
			outputPaths = (
				"$(DERIVED_FILE_DIR)/Pods-rxswift-practice-checkManifestLockResult.txt",
			);
			runOnlyForDeploymentPostprocessing = 0;
			shellPath = /bin/sh;
			shellScript = "diff \"${PODS_PODFILE_DIR_PATH}/Podfile.lock\" \"${PODS_ROOT}/Manifest.lock\" > /dev/null\nif [ $? != 0 ] ; then\n    # print error to STDERR\n    echo \"error: The sandbox is not in sync with the Podfile.lock. Run 'pod install' or update your CocoaPods installation.\" >&2\n    exit 1\nfi\n# This output is used by Xcode 'outputs' to avoid re-running this script phase.\necho \"SUCCESS\" > \"${SCRIPT_OUTPUT_FILE_0}\"\n";
			showEnvVarsInLog = 0;
		};
		0ECE4466155B1851949452DA /* [CP] Embed Pods Frameworks */ = {
			isa = PBXShellScriptBuildPhase;
			buildActionMask = 2147483647;
			files = (
			);
			inputFileListPaths = (
				"${PODS_ROOT}/Target Support Files/Pods-rxswift-practice/Pods-rxswift-practice-frameworks-${CONFIGURATION}-input-files.xcfilelist",
			);
			name = "[CP] Embed Pods Frameworks";
			outputFileListPaths = (
				"${PODS_ROOT}/Target Support Files/Pods-rxswift-practice/Pods-rxswift-practice-frameworks-${CONFIGURATION}-output-files.xcfilelist",
			);
			runOnlyForDeploymentPostprocessing = 0;
			shellPath = /bin/sh;
			shellScript = "\"${PODS_ROOT}/Target Support Files/Pods-rxswift-practice/Pods-rxswift-practice-frameworks.sh\"\n";
			showEnvVarsInLog = 0;
		};
/* End PBXShellScriptBuildPhase section */

/* Begin PBXSourcesBuildPhase section */
		42CD026B29D1AA0100618E53 /* Sources */ = {
			isa = PBXSourcesBuildPhase;
			buildActionMask = 2147483647;
			files = (
				42CD027729D1AA0100618E53 /* Step1ViewController.swift in Sources */,
				42CD028729D2A3D000618E53 /* Step2ViewController.swift in Sources */,
				42CD027329D1AA0100618E53 /* AppDelegate.swift in Sources */,
				42CD027529D1AA0100618E53 /* SceneDelegate.swift in Sources */,
				42CD028929D2A98700618E53 /* MemberListCellTableViewCell.swift in Sources */,
			);
			runOnlyForDeploymentPostprocessing = 0;
		};
/* End PBXSourcesBuildPhase section */

/* Begin PBXVariantGroup section */
		42CD027D29D1AA0200618E53 /* LaunchScreen.storyboard */ = {
			isa = PBXVariantGroup;
			children = (
				42CD027E29D1AA0200618E53 /* Base */,
			);
			name = LaunchScreen.storyboard;
			sourceTree = "<group>";
		};
/* End PBXVariantGroup section */

/* Begin XCBuildConfiguration section */
		42CD028129D1AA0200618E53 /* Debug */ = {
			isa = XCBuildConfiguration;
			buildSettings = {
				ALWAYS_SEARCH_USER_PATHS = NO;
				CLANG_ANALYZER_NONNULL = YES;
				CLANG_ANALYZER_NUMBER_OBJECT_CONVERSION = YES_AGGRESSIVE;
				CLANG_CXX_LANGUAGE_STANDARD = "gnu++20";
				CLANG_ENABLE_MODULES = YES;
				CLANG_ENABLE_OBJC_ARC = YES;
				CLANG_ENABLE_OBJC_WEAK = YES;
				CLANG_WARN_BLOCK_CAPTURE_AUTORELEASING = YES;
				CLANG_WARN_BOOL_CONVERSION = YES;
				CLANG_WARN_COMMA = YES;
				CLANG_WARN_CONSTANT_CONVERSION = YES;
				CLANG_WARN_DEPRECATED_OBJC_IMPLEMENTATIONS = YES;
				CLANG_WARN_DIRECT_OBJC_ISA_USAGE = YES_ERROR;
				CLANG_WARN_DOCUMENTATION_COMMENTS = YES;
				CLANG_WARN_EMPTY_BODY = YES;
				CLANG_WARN_ENUM_CONVERSION = YES;
				CLANG_WARN_INFINITE_RECURSION = YES;
				CLANG_WARN_INT_CONVERSION = YES;
				CLANG_WARN_NON_LITERAL_NULL_CONVERSION = YES;
				CLANG_WARN_OBJC_IMPLICIT_RETAIN_SELF = YES;
				CLANG_WARN_OBJC_LITERAL_CONVERSION = YES;
				CLANG_WARN_OBJC_ROOT_CLASS = YES_ERROR;
				CLANG_WARN_QUOTED_INCLUDE_IN_FRAMEWORK_HEADER = YES;
				CLANG_WARN_RANGE_LOOP_ANALYSIS = YES;
				CLANG_WARN_STRICT_PROTOTYPES = YES;
				CLANG_WARN_SUSPICIOUS_MOVE = YES;
				CLANG_WARN_UNGUARDED_AVAILABILITY = YES_AGGRESSIVE;
				CLANG_WARN_UNREACHABLE_CODE = YES;
				CLANG_WARN__DUPLICATE_METHOD_MATCH = YES;
				COPY_PHASE_STRIP = NO;
				DEBUG_INFORMATION_FORMAT = dwarf;
				ENABLE_STRICT_OBJC_MSGSEND = YES;
				ENABLE_TESTABILITY = YES;
				GCC_C_LANGUAGE_STANDARD = gnu11;
				GCC_DYNAMIC_NO_PIC = NO;
				GCC_NO_COMMON_BLOCKS = YES;
				GCC_OPTIMIZATION_LEVEL = 0;
				GCC_PREPROCESSOR_DEFINITIONS = (
					"DEBUG=1",
					"$(inherited)",
				);
				GCC_WARN_64_TO_32_BIT_CONVERSION = YES;
				GCC_WARN_ABOUT_RETURN_TYPE = YES_ERROR;
				GCC_WARN_UNDECLARED_SELECTOR = YES;
				GCC_WARN_UNINITIALIZED_AUTOS = YES_AGGRESSIVE;
				GCC_WARN_UNUSED_FUNCTION = YES;
				GCC_WARN_UNUSED_VARIABLE = YES;
				IPHONEOS_DEPLOYMENT_TARGET = 16.0;
				MTL_ENABLE_DEBUG_INFO = INCLUDE_SOURCE;
				MTL_FAST_MATH = YES;
				ONLY_ACTIVE_ARCH = YES;
				SDKROOT = iphoneos;
				SWIFT_ACTIVE_COMPILATION_CONDITIONS = DEBUG;
				SWIFT_OPTIMIZATION_LEVEL = "-Onone";
			};
			name = Debug;
		};
		42CD028229D1AA0200618E53 /* Release */ = {
			isa = XCBuildConfiguration;
			buildSettings = {
				ALWAYS_SEARCH_USER_PATHS = NO;
				CLANG_ANALYZER_NONNULL = YES;
				CLANG_ANALYZER_NUMBER_OBJECT_CONVERSION = YES_AGGRESSIVE;
				CLANG_CXX_LANGUAGE_STANDARD = "gnu++20";
				CLANG_ENABLE_MODULES = YES;
				CLANG_ENABLE_OBJC_ARC = YES;
				CLANG_ENABLE_OBJC_WEAK = YES;
				CLANG_WARN_BLOCK_CAPTURE_AUTORELEASING = YES;
				CLANG_WARN_BOOL_CONVERSION = YES;
				CLANG_WARN_COMMA = YES;
				CLANG_WARN_CONSTANT_CONVERSION = YES;
				CLANG_WARN_DEPRECATED_OBJC_IMPLEMENTATIONS = YES;
				CLANG_WARN_DIRECT_OBJC_ISA_USAGE = YES_ERROR;
				CLANG_WARN_DOCUMENTATION_COMMENTS = YES;
				CLANG_WARN_EMPTY_BODY = YES;
				CLANG_WARN_ENUM_CONVERSION = YES;
				CLANG_WARN_INFINITE_RECURSION = YES;
				CLANG_WARN_INT_CONVERSION = YES;
				CLANG_WARN_NON_LITERAL_NULL_CONVERSION = YES;
				CLANG_WARN_OBJC_IMPLICIT_RETAIN_SELF = YES;
				CLANG_WARN_OBJC_LITERAL_CONVERSION = YES;
				CLANG_WARN_OBJC_ROOT_CLASS = YES_ERROR;
				CLANG_WARN_QUOTED_INCLUDE_IN_FRAMEWORK_HEADER = YES;
				CLANG_WARN_RANGE_LOOP_ANALYSIS = YES;
				CLANG_WARN_STRICT_PROTOTYPES = YES;
				CLANG_WARN_SUSPICIOUS_MOVE = YES;
				CLANG_WARN_UNGUARDED_AVAILABILITY = YES_AGGRESSIVE;
				CLANG_WARN_UNREACHABLE_CODE = YES;
				CLANG_WARN__DUPLICATE_METHOD_MATCH = YES;
				COPY_PHASE_STRIP = NO;
				DEBUG_INFORMATION_FORMAT = "dwarf-with-dsym";
				ENABLE_NS_ASSERTIONS = NO;
				ENABLE_STRICT_OBJC_MSGSEND = YES;
				GCC_C_LANGUAGE_STANDARD = gnu11;
				GCC_NO_COMMON_BLOCKS = YES;
				GCC_WARN_64_TO_32_BIT_CONVERSION = YES;
				GCC_WARN_ABOUT_RETURN_TYPE = YES_ERROR;
				GCC_WARN_UNDECLARED_SELECTOR = YES;
				GCC_WARN_UNINITIALIZED_AUTOS = YES_AGGRESSIVE;
				GCC_WARN_UNUSED_FUNCTION = YES;
				GCC_WARN_UNUSED_VARIABLE = YES;
				IPHONEOS_DEPLOYMENT_TARGET = 16.0;
				MTL_ENABLE_DEBUG_INFO = NO;
				MTL_FAST_MATH = YES;
				SDKROOT = iphoneos;
				SWIFT_COMPILATION_MODE = wholemodule;
				SWIFT_OPTIMIZATION_LEVEL = "-O";
				VALIDATE_PRODUCT = YES;
			};
			name = Release;
		};
		42CD028429D1AA0200618E53 /* Debug */ = {
			isa = XCBuildConfiguration;
			baseConfigurationReference = 0ECB86FC7B716731D5836806 /* Pods-rxswift-practice.debug.xcconfig */;
			buildSettings = {
				ASSETCATALOG_COMPILER_APPICON_NAME = AppIcon;
				ASSETCATALOG_COMPILER_GLOBAL_ACCENT_COLOR_NAME = AccentColor;
				CODE_SIGN_STYLE = Automatic;
				CURRENT_PROJECT_VERSION = 1;
				DEVELOPMENT_TEAM = Q6CK9777WL;
				GENERATE_INFOPLIST_FILE = YES;
				INFOPLIST_FILE = "rxswift-practice/Info.plist";
				INFOPLIST_KEY_UIApplicationSupportsIndirectInputEvents = YES;
				INFOPLIST_KEY_UILaunchStoryboardName = LaunchScreen;
				INFOPLIST_KEY_UISupportedInterfaceOrientations_iPad = "UIInterfaceOrientationPortrait UIInterfaceOrientationPortraitUpsideDown UIInterfaceOrientationLandscapeLeft UIInterfaceOrientationLandscapeRight";
				INFOPLIST_KEY_UISupportedInterfaceOrientations_iPhone = "UIInterfaceOrientationPortrait UIInterfaceOrientationLandscapeLeft UIInterfaceOrientationLandscapeRight";
				LD_RUNPATH_SEARCH_PATHS = (
					"$(inherited)",
					"@executable_path/Frameworks",
				);
				MARKETING_VERSION = 1.0;
				PRODUCT_BUNDLE_IDENTIFIER = "com.yuseong.com.rxswift-practice";
				PRODUCT_NAME = "$(TARGET_NAME)";
				SWIFT_EMIT_LOC_STRINGS = YES;
				SWIFT_VERSION = 5.0;
				TARGETED_DEVICE_FAMILY = "1,2";
			};
			name = Debug;
		};
		42CD028529D1AA0200618E53 /* Release */ = {
			isa = XCBuildConfiguration;
			baseConfigurationReference = 5E17F2E9A3684260BBABADD5 /* Pods-rxswift-practice.release.xcconfig */;
			buildSettings = {
				ASSETCATALOG_COMPILER_APPICON_NAME = AppIcon;
				ASSETCATALOG_COMPILER_GLOBAL_ACCENT_COLOR_NAME = AccentColor;
				CODE_SIGN_STYLE = Automatic;
				CURRENT_PROJECT_VERSION = 1;
				DEVELOPMENT_TEAM = Q6CK9777WL;
				GENERATE_INFOPLIST_FILE = YES;
				INFOPLIST_FILE = "rxswift-practice/Info.plist";
				INFOPLIST_KEY_UIApplicationSupportsIndirectInputEvents = YES;
				INFOPLIST_KEY_UILaunchStoryboardName = LaunchScreen;
				INFOPLIST_KEY_UISupportedInterfaceOrientations_iPad = "UIInterfaceOrientationPortrait UIInterfaceOrientationPortraitUpsideDown UIInterfaceOrientationLandscapeLeft UIInterfaceOrientationLandscapeRight";
				INFOPLIST_KEY_UISupportedInterfaceOrientations_iPhone = "UIInterfaceOrientationPortrait UIInterfaceOrientationLandscapeLeft UIInterfaceOrientationLandscapeRight";
				LD_RUNPATH_SEARCH_PATHS = (
					"$(inherited)",
					"@executable_path/Frameworks",
				);
				MARKETING_VERSION = 1.0;
				PRODUCT_BUNDLE_IDENTIFIER = "com.yuseong.com.rxswift-practice";
				PRODUCT_NAME = "$(TARGET_NAME)";
				SWIFT_EMIT_LOC_STRINGS = YES;
				SWIFT_VERSION = 5.0;
				TARGETED_DEVICE_FAMILY = "1,2";
			};
			name = Release;
		};
/* End XCBuildConfiguration section */

/* Begin XCConfigurationList section */
		42CD026A29D1AA0000618E53 /* Build configuration list for PBXProject "rxswift-practice" */ = {
			isa = XCConfigurationList;
			buildConfigurations = (
				42CD028129D1AA0200618E53 /* Debug */,
				42CD028229D1AA0200618E53 /* Release */,
			);
			defaultConfigurationIsVisible = 0;
			defaultConfigurationName = Release;
		};
		42CD028329D1AA0200618E53 /* Build configuration list for PBXNativeTarget "rxswift-practice" */ = {
			isa = XCConfigurationList;
			buildConfigurations = (
				42CD028429D1AA0200618E53 /* Debug */,
				42CD028529D1AA0200618E53 /* Release */,
			);
			defaultConfigurationIsVisible = 0;
			defaultConfigurationName = Release;
		};
/* End XCConfigurationList section */
	};
	rootObject = 42CD026729D1AA0000618E53 /* Project object */;
}
